
Microsoft Visual Studio Solution File, Format Version 12.00
# Visual Studio Version 16
VisualStudioVersion = 16.0.31112.23
MinimumVisualStudioVersion = 10.0.40219.1
Project("{FAE04EC0-301F-11D3-BF4B-00C04F79EFBC}") = "Vehicles.Common", "Vehicles.Common\Vehicles.Common.csproj", "{1CBFEC69-B064-4932-A8F4-F717983B2398}"
EndProject
Project("{FAE04EC0-301F-11D3-BF4B-00C04F79EFBC}") = "Vehicles.API", "Vehicles.API\Vehicles.API.csproj", "{FF4E4683-D846-42B3-9FD0-62011266A951}"
EndProject
Global
	GlobalSection(SolutionConfigurationPlatforms) = preSolution
		Debug|Any CPU = Debug|Any CPU
		Release|Any CPU = Release|Any CPU
	EndGlobalSection
	GlobalSection(ProjectConfigurationPlatforms) = postSolution
		{1CBFEC69-B064-4932-A8F4-F717983B2398}.Debug|Any CPU.ActiveCfg = Debug|Any CPU
		{1CBFEC69-B064-4932-A8F4-F717983B2398}.Debug|Any CPU.Build.0 = Debug|Any CPU
		{1CBFEC69-B064-4932-A8F4-F717983B2398}.Release|Any CPU.ActiveCfg = Release|Any CPU
		{1CBFEC69-B064-4932-A8F4-F717983B2398}.Release|Any CPU.Build.0 = Release|Any CPU
		{FF4E4683-D846-42B3-9FD0-62011266A951}.Debug|Any CPU.ActiveCfg = Debug|Any CPU
		{FF4E4683-D846-42B3-9FD0-62011266A951}.Debug|Any CPU.Build.0 = Debug|Any CPU
		{FF4E4683-D846-42B3-9FD0-62011266A951}.Release|Any CPU.ActiveCfg = Release|Any CPU
		{FF4E4683-D846-42B3-9FD0-62011266A951}.Release|Any CPU.Build.0 = Release|Any CPU
	EndGlobalSection
	GlobalSection(SolutionProperties) = preSolution
		HideSolutionNode = FALSE
	EndGlobalSection
	GlobalSection(ExtensibilityGlobals) = postSolution
		SolutionGuid = {30F2FCA4-1EDD-44F1-A97A-17795DC7D38A}
	EndGlobalSection
EndGlobal
